
Microsoft Visual Studio Solution File, Format Version 12.00
# Visual Studio Version 16
VisualStudioVersion = 16.0.810.22
MinimumVisualStudioVersion = 10.0.40219.1
Project("{FAE04EC0-301F-11D3-BF4B-00C04F79EFBC}") = "ElevenNoteWebApp.Server", "ElevenNoteWebApp\Server\ElevenNoteWebApp.Server.csproj", "{1B5747FD-9C1F-4F6A-8F99-3BA19436D42F}"
EndProject
Project("{FAE04EC0-301F-11D3-BF4B-00C04F79EFBC}") = "ElevenNoteWebApp.Client", "ElevenNoteWebApp\Client\ElevenNoteWebApp.Client.csproj", "{2CD15888-A9F6-41E6-A2F1-14517E6A81FF}"
EndProject
Project("{FAE04EC0-301F-11D3-BF4B-00C04F79EFBC}") = "ElevenNoteWebApp.Shared", "ElevenNoteWebApp\Shared\ElevenNoteWebApp.Shared.csproj", "{262C380A-7289-4E35-BE0F-8CC632CAD789}"
EndProject
Global
	GlobalSection(SolutionConfigurationPlatforms) = preSolution
		Debug|Any CPU = Debug|Any CPU
		Release|Any CPU = Release|Any CPU
	EndGlobalSection
	GlobalSection(ProjectConfigurationPlatforms) = postSolution
		{1B5747FD-9C1F-4F6A-8F99-3BA19436D42F}.Debug|Any CPU.ActiveCfg = Debug|Any CPU
		{1B5747FD-9C1F-4F6A-8F99-3BA19436D42F}.Debug|Any CPU.Build.0 = Debug|Any CPU
		{1B5747FD-9C1F-4F6A-8F99-3BA19436D42F}.Release|Any CPU.ActiveCfg = Release|Any CPU
		{1B5747FD-9C1F-4F6A-8F99-3BA19436D42F}.Release|Any CPU.Build.0 = Release|Any CPU
		{2CD15888-A9F6-41E6-A2F1-14517E6A81FF}.Debug|Any CPU.ActiveCfg = Debug|Any CPU
		{2CD15888-A9F6-41E6-A2F1-14517E6A81FF}.Debug|Any CPU.Build.0 = Debug|Any CPU
		{2CD15888-A9F6-41E6-A2F1-14517E6A81FF}.Release|Any CPU.ActiveCfg = Release|Any CPU
		{2CD15888-A9F6-41E6-A2F1-14517E6A81FF}.Release|Any CPU.Build.0 = Release|Any CPU
		{262C380A-7289-4E35-BE0F-8CC632CAD789}.Debug|Any CPU.ActiveCfg = Debug|Any CPU
		{262C380A-7289-4E35-BE0F-8CC632CAD789}.Debug|Any CPU.Build.0 = Debug|Any CPU
		{262C380A-7289-4E35-BE0F-8CC632CAD789}.Release|Any CPU.ActiveCfg = Release|Any CPU
		{262C380A-7289-4E35-BE0F-8CC632CAD789}.Release|Any CPU.Build.0 = Release|Any CPU
	EndGlobalSection
	GlobalSection(SolutionProperties) = preSolution
		HideSolutionNode = FALSE
	EndGlobalSection
	GlobalSection(ExtensibilityGlobals) = postSolution
		SolutionGuid = {B67A0C15-3714-4143-938B-53C986069B56}
	EndGlobalSection
EndGlobal
